
Microsoft Visual Studio Solution File, Format Version 12.00
# Visual Studio 15
VisualStudioVersion = 15.0.27428.2037
MinimumVisualStudioVersion = 10.0.40219.1
Project("{FAE04EC0-301F-11D3-BF4B-00C04F79EFBC}") = "ToDoList5", "ToDoList5\ToDoList5.csproj", "{BE950FB8-8C1C-4CDB-BDDA-FCBA2FA5A960}"
EndProject
Global
	GlobalSection(SolutionConfigurationPlatforms) = preSolution
		Debug|Any CPU = Debug|Any CPU
		Release|Any CPU = Release|Any CPU
	EndGlobalSection
	GlobalSection(ProjectConfigurationPlatforms) = postSolution
		{BE950FB8-8C1C-4CDB-BDDA-FCBA2FA5A960}.Debug|Any CPU.ActiveCfg = Debug|Any CPU
		{BE950FB8-8C1C-4CDB-BDDA-FCBA2FA5A960}.Debug|Any CPU.Build.0 = Debug|Any CPU
		{BE950FB8-8C1C-4CDB-BDDA-FCBA2FA5A960}.Release|Any CPU.ActiveCfg = Release|Any CPU
		{BE950FB8-8C1C-4CDB-BDDA-FCBA2FA5A960}.Release|Any CPU.Build.0 = Release|Any CPU
	EndGlobalSection
	GlobalSection(SolutionProperties) = preSolution
		HideSolutionNode = FALSE
	EndGlobalSection
	GlobalSection(ExtensibilityGlobals) = postSolution
		SolutionGuid = {8BF626BC-864E-4E8B-98EC-3EA2CC80ABE5}
	EndGlobalSection
EndGlobal
